{
  "originHash" : "5f8a76a4eaa77d439dae6f7903837717f3aba9e24b47d2199541e304650a4028",
  "pins" : [
    {
      "identity" : "stackwrapper",
      "kind" : "remoteSourceControl",
      "location" : "https://github.com/Desp0o/StackWrapper.git",
      "state" : {
        "branch" : "bug-fix",
        "revision" : "6441cd99368180521cf84617c39fdf2e105d846c"
      }
    }
  ],
  "version" : 3
}
